
Microsoft Visual Studio Solution File, Format Version 12.00
# Visual Studio Version 17
VisualStudioVersion = 17.4.33213.308
MinimumVisualStudioVersion = 10.0.40219.1
Project("{9A19103F-16F7-4668-BE54-9A1E7A4F7556}") = "Car", "Car\Car.csproj", "{80F73DD5-41DB-4C2A-94DD-FCA179A40CDE}"
EndProject
Project("{9A19103F-16F7-4668-BE54-9A1E7A4F7556}") = "DataBase", "DataBase\DataBase.csproj", "{8AB70411-C219-4C09-9C6A-D71E29D59F65}"
EndProject
Project("{E53339B2-1760-4266-BCC7-CA923CBCF16C}") = "docker-compose", "docker-compose.dcproj", "{5B6688AD-849B-4641-A16B-D56DE49772EA}"
EndProject
Global
	GlobalSection(SolutionConfigurationPlatforms) = preSolution
		Debug|Any CPU = Debug|Any CPU
		Release|Any CPU = Release|Any CPU
	EndGlobalSection
	GlobalSection(ProjectConfigurationPlatforms) = postSolution
		{80F73DD5-41DB-4C2A-94DD-FCA179A40CDE}.Debug|Any CPU.ActiveCfg = Debug|Any CPU
		{80F73DD5-41DB-4C2A-94DD-FCA179A40CDE}.Debug|Any CPU.Build.0 = Debug|Any CPU
		{80F73DD5-41DB-4C2A-94DD-FCA179A40CDE}.Release|Any CPU.ActiveCfg = Release|Any CPU
		{80F73DD5-41DB-4C2A-94DD-FCA179A40CDE}.Release|Any CPU.Build.0 = Release|Any CPU
		{8AB70411-C219-4C09-9C6A-D71E29D59F65}.Debug|Any CPU.ActiveCfg = Debug|Any CPU
		{8AB70411-C219-4C09-9C6A-D71E29D59F65}.Debug|Any CPU.Build.0 = Debug|Any CPU
		{8AB70411-C219-4C09-9C6A-D71E29D59F65}.Release|Any CPU.ActiveCfg = Release|Any CPU
		{8AB70411-C219-4C09-9C6A-D71E29D59F65}.Release|Any CPU.Build.0 = Release|Any CPU
		{5B6688AD-849B-4641-A16B-D56DE49772EA}.Debug|Any CPU.ActiveCfg = Debug|Any CPU
		{5B6688AD-849B-4641-A16B-D56DE49772EA}.Debug|Any CPU.Build.0 = Debug|Any CPU
		{5B6688AD-849B-4641-A16B-D56DE49772EA}.Release|Any CPU.ActiveCfg = Release|Any CPU
		{5B6688AD-849B-4641-A16B-D56DE49772EA}.Release|Any CPU.Build.0 = Release|Any CPU
	EndGlobalSection
	GlobalSection(SolutionProperties) = preSolution
		HideSolutionNode = FALSE
	EndGlobalSection
	GlobalSection(ExtensibilityGlobals) = postSolution
		SolutionGuid = {D2E22FBC-6724-4620-B358-E772DA8571EE}
	EndGlobalSection
EndGlobal
